// !$*UTF8*$!
{
	archiveVersion = 1;
	classes = {
	};
	objectVersion = 42;
	objects = {

/* Begin PBXFileReference section */
		5C7011D511BC01A8006EDDB7 /* autogen_playlist.js */ = {isa = PBXFileReference; fileEncoding = 4; lastKnownFileType = sourcecode.javascript; name = autogen_playlist.js; path = scripts/autogen_playlist.js; sourceTree = "<group>"; };
		5C7011EC11BC0689006EDDB7 /* player.js */ = {isa = PBXFileReference; fileEncoding = 4; lastKnownFileType = sourcecode.javascript; name = player.js; path = scripts/player.js; sourceTree = "<group>"; };
		5C75E7FF11BF216900C3FE06 /* globals.js */ = {isa = PBXFileReference; fileEncoding = 4; lastKnownFileType = sourcecode.javascript; name = globals.js; path = scripts/globals.js; sourceTree = "<group>"; };
		5C75E80011BF21B400C3FE06 /* utility.js */ = {isa = PBXFileReference; fileEncoding = 4; lastKnownFileType = sourcecode.javascript; name = utility.js; path = scripts/utility.js; sourceTree = "<group>"; };
		5CFAC64511BB48D800B529F3 /* playlost_viewer.html */ = {isa = PBXFileReference; fileEncoding = 4; lastKnownFileType = text.html; path = playlost_viewer.html; sourceTree = "<group>"; };
		5CFAC64811BB493200B529F3 /* viewer.css */ = {isa = PBXFileReference; fileEncoding = 4; lastKnownFileType = text.css; name = viewer.css; path = stylesheets/viewer.css; sourceTree = "<group>"; };
		5CFAC74011BB6E8A00B529F3 /* playlist.js */ = {isa = PBXFileReference; fileEncoding = 4; lastKnownFileType = sourcecode.javascript; name = playlist.js; path = scripts/playlist.js; sourceTree = "<group>"; };
		5CFAC74E11BB726800B529F3 /* coord.js */ = {isa = PBXFileReference; fileEncoding = 4; lastKnownFileType = sourcecode.javascript; name = coord.js; path = scripts/coord.js; sourceTree = "<group>"; };
		5CFAC77E11BB7A4B00B529F3 /* viewport.js */ = {isa = PBXFileReference; fileEncoding = 4; lastKnownFileType = sourcecode.javascript; name = viewport.js; path = scripts/viewport.js; sourceTree = "<group>"; };
		5CFAC78511BB7A9700B529F3 /* node.js */ = {isa = PBXFileReference; fileEncoding = 4; lastKnownFileType = sourcecode.javascript; name = node.js; path = scripts/node.js; sourceTree = "<group>"; };
		5CFAC7FD11BB8ABB00B529F3 /* library_scanner.rb */ = {isa = PBXFileReference; fileEncoding = 4; lastKnownFileType = text.script.ruby; path = library_scanner.rb; sourceTree = "<group>"; };
/* End PBXFileReference section */

/* Begin PBXGroup section */
		5CFAC63A11BB48BC00B529F3 = {
			isa = PBXGroup;
			children = (
				5C7011D511BC01A8006EDDB7 /* autogen_playlist.js */,
				5CFAC64511BB48D800B529F3 /* playlost_viewer.html */,
				5CFAC64811BB493200B529F3 /* viewer.css */,
				5CFAC74011BB6E8A00B529F3 /* playlist.js */,
				5CFAC74E11BB726800B529F3 /* coord.js */,
				5CFAC77E11BB7A4B00B529F3 /* viewport.js */,
				5CFAC78511BB7A9700B529F3 /* node.js */,
				5CFAC7FD11BB8ABB00B529F3 /* library_scanner.rb */,
				5C7011EC11BC0689006EDDB7 /* player.js */,
				5C75E7FF11BF216900C3FE06 /* globals.js */,
				5C75E80011BF21B400C3FE06 /* utility.js */,
			);
			sourceTree = "<group>";
		};
/* End PBXGroup section */

/* Begin PBXProject section */
		5CFAC63C11BB48BC00B529F3 /* Project object */ = {
			isa = PBXProject;
			buildConfigurationList = 5CFAC63F11BB48BC00B529F3 /* Build configuration list for PBXProject "Playlost" */;
			compatibilityVersion = "Xcode 2.4";
			hasScannedForEncodings = 0;
			mainGroup = 5CFAC63A11BB48BC00B529F3;
			projectDirPath = "";
			projectRoot = "";
			targets = (
			);
		};
/* End PBXProject section */

/* Begin XCBuildConfiguration section */
		5CFAC63D11BB48BC00B529F3 /* Debug */ = {
			isa = XCBuildConfiguration;
			buildSettings = {
				COPY_PHASE_STRIP = NO;
			};
			name = Debug;
		};
		5CFAC63E11BB48BC00B529F3 /* Release */ = {
			isa = XCBuildConfiguration;
			buildSettings = {
				COPY_PHASE_STRIP = YES;
			};
			name = Release;
		};
/* End XCBuildConfiguration section */

/* Begin XCConfigurationList section */
		5CFAC63F11BB48BC00B529F3 /* Build configuration list for PBXProject "Playlost" */ = {
			isa = XCConfigurationList;
			buildConfigurations = (
				5CFAC63D11BB48BC00B529F3 /* Debug */,
				5CFAC63E11BB48BC00B529F3 /* Release */,
			);
			defaultConfigurationIsVisible = 0;
			defaultConfigurationName = Release;
		};
/* End XCConfigurationList section */
	};
	rootObject = 5CFAC63C11BB48BC00B529F3 /* Project object */;
}
